
Microsoft Visual Studio Solution File, Format Version 12.00
# Visual Studio Version 17
VisualStudioVersion = 17.1.32328.378
MinimumVisualStudioVersion = 10.0.40219.1
Project("{FAE04EC0-301F-11D3-BF4B-00C04F79EFBC}") = "HW_CollectionsSort", "HW_CollectionsSort\HW_CollectionsSort.csproj", "{A3E94398-00EE-4506-BFA7-B9D0A9CCDB9B}"
EndProject
Global
	GlobalSection(SolutionConfigurationPlatforms) = preSolution
		Debug|Any CPU = Debug|Any CPU
		Release|Any CPU = Release|Any CPU
	EndGlobalSection
	GlobalSection(ProjectConfigurationPlatforms) = postSolution
		{A3E94398-00EE-4506-BFA7-B9D0A9CCDB9B}.Debug|Any CPU.ActiveCfg = Debug|Any CPU
		{A3E94398-00EE-4506-BFA7-B9D0A9CCDB9B}.Debug|Any CPU.Build.0 = Debug|Any CPU
		{A3E94398-00EE-4506-BFA7-B9D0A9CCDB9B}.Release|Any CPU.ActiveCfg = Release|Any CPU
		{A3E94398-00EE-4506-BFA7-B9D0A9CCDB9B}.Release|Any CPU.Build.0 = Release|Any CPU
	EndGlobalSection
	GlobalSection(SolutionProperties) = preSolution
		HideSolutionNode = FALSE
	EndGlobalSection
	GlobalSection(ExtensibilityGlobals) = postSolution
		SolutionGuid = {A86020A8-AB96-4BB2-95EB-BE103D15A306}
	EndGlobalSection
EndGlobal
